# Generated by dep-scan using pip-tools style resolution
# This file contains resolved dependencies with exact versions
# Direct dependencies are marked with # direct, transitive with # transitive
#
requests==2.25.1  # direct
flask==2.0.1  # direct
urllib3==1.26.5  # transitive
certifi==2020.6.20  # transitive
charset-normalizer==2.0.4  # transitive
idna==2.10  # transitive
click==8.0.1  # transitive
itsdangerous==2.0.1  # transitive
jinja2==3.0.1  # transitive
markupsafe==2.0.1  # transitive
werkzeug==2.0.1  # transitive